
Microsoft Visual Studio Solution File, Format Version 12.00
# Visual Studio Version 16
VisualStudioVersion = 16.0.29230.47
MinimumVisualStudioVersion = 10.0.40219.1
Project("{FAE04EC0-301F-11D3-BF4B-00C04F79EFBC}") = "finalproject", "finalproject\finalproject.csproj", "{EB0FD915-5BDC-4173-8467-4297BD3F033B}"
EndProject
Global
	GlobalSection(SolutionConfigurationPlatforms) = preSolution
		Debug|Any CPU = Debug|Any CPU
		Release|Any CPU = Release|Any CPU
	EndGlobalSection
	GlobalSection(ProjectConfigurationPlatforms) = postSolution
		{EB0FD915-5BDC-4173-8467-4297BD3F033B}.Debug|Any CPU.ActiveCfg = Debug|Any CPU
		{EB0FD915-5BDC-4173-8467-4297BD3F033B}.Debug|Any CPU.Build.0 = Debug|Any CPU
		{EB0FD915-5BDC-4173-8467-4297BD3F033B}.Release|Any CPU.ActiveCfg = Release|Any CPU
		{EB0FD915-5BDC-4173-8467-4297BD3F033B}.Release|Any CPU.Build.0 = Release|Any CPU
	EndGlobalSection
	GlobalSection(SolutionProperties) = preSolution
		HideSolutionNode = FALSE
	EndGlobalSection
	GlobalSection(ExtensibilityGlobals) = postSolution
		SolutionGuid = {431FBD85-1457-4507-8C2A-F0AA87501E08}
	EndGlobalSection
EndGlobal
